{
  "name": "menu",
  "version": "1.0.0",
  "lockfileVersion": 2,
  "requires": true,
  "packages": {
    "": {
      "name": "menu",
      "version": "1.0.0",
      "license": "ISC",
      "dependencies": {
        "@greggry/ask": "^1.0.0"
      }
    },
    "../node-scripts/ask-js": {
      "name": "@greggry/ask",
      "version": "1.0.0",
      "extraneous": true,
      "license": "ISC"
    },
    "node_modules/@greggry/ask": {
      "version": "1.0.0",
      "resolved": "https://registry.npmjs.org/@greggry/ask/-/ask-1.0.0.tgz",
      "integrity": "sha512-vIRlOtHSdXUGKrBqade7sRKO/+4Adp186Pen5hkvNY3hyw/SunKmIHWZNk8V4FJdTzgUzDC0XntBLIyKPn8syg=="
    }
  },
  "dependencies": {
    "@greggry/ask": {
      "version": "1.0.0",
      "resolved": "https://registry.npmjs.org/@greggry/ask/-/ask-1.0.0.tgz",
      "integrity": "sha512-vIRlOtHSdXUGKrBqade7sRKO/+4Adp186Pen5hkvNY3hyw/SunKmIHWZNk8V4FJdTzgUzDC0XntBLIyKPn8syg=="
    }
  }
}
